lockfileVersion: '9.0'

settings:
  autoInstallPeers: true
  excludeLinksFromLockfile: false

importers:

  .:
    dependencies:
      '@t3-oss/env-core':
        specifier: ^0.13.8
        version: 0.13.11(typescript@5.9.3)(zod@3.25.76)
      commander:
        specifier: ^14.0.0
        version: 14.0.3
      zod:
        specifier: ^3.24.4
        version: 3.25.76
    devDependencies:
      '@types/node':
        specifier: ^24.0.0
        version: 24.12.2
      typescript:
        specifier: ^5.8.3
        version: 5.9.3

packages:

  '@t3-oss/env-core@0.13.11':
    resolution: {integrity: sha512-sM7GYY+KL7H/Hl0BE0inWfk3nRHZOLhmVn7sHGxaZt9FAR6KqREXAE+6TqKfiavfXmpRxO/OZ2QgKRd+oiBYRQ==}
    peerDependencies:
      arktype: ^2.1.0
      typescript: '>=5.0.0'
      valibot: ^1.0.0-beta.7 || ^1.0.0
      zod: ^3.24.0 || ^4.0.0
    peerDependenciesMeta:
      arktype:
        optional: true
      typescript:
        optional: true
      valibot:
        optional: true
      zod:
        optional: true

  '@types/node@24.12.2':
    resolution: {integrity: sha512-A1sre26ke7HDIuY/M23nd9gfB+nrmhtYyMINbjI1zHJxYteKR6qSMX56FsmjMcDb3SMcjJg5BiRRgOCC/yBD0g==}

  commander@14.0.3:
    resolution: {integrity: sha512-H+y0Jo/T1RZ9qPP4Eh1pkcQcLRglraJaSLoyOtHxu6AapkjWVCy2Sit1QQ4x3Dng8qDlSsZEet7g5Pq06MvTgw==}
    engines: {node: '>=20'}

  typescript@5.9.3:
    resolution: {integrity: sha512-jl1vZzPDinLr9eUt3J/t7V6FgNEw9QjvBPdysz9KfQDD41fQrC2Y4vKQdiaUpFT4bXlb1RHhLpp8wtm6M5TgSw==}
    engines: {node: '>=14.17'}
    hasBin: true

  undici-types@7.16.0:
    resolution: {integrity: sha512-Zz+aZWSj8LE6zoxD+xrjh4VfkIG8Ya6LvYkZqtUQGJPZjYl53ypCaUwWqo7eI0x66KBGeRo+mlBEkMSeSZ38Nw==}

  zod@3.25.76:
    resolution: {integrity: sha512-gzUt/qt81nXsFGKIFcC3YnfEAx5NkunCfnDlvuBSSFS02bcXu4Lmea0AFIUwbLWxWPx3d9p8S5QoaujKcNQxcQ==}

snapshots:

  '@t3-oss/env-core@0.13.11(typescript@5.9.3)(zod@3.25.76)':
    optionalDependencies:
      typescript: 5.9.3
      zod: 3.25.76

  '@types/node@24.12.2':
    dependencies:
      undici-types: 7.16.0

  commander@14.0.3: {}

  typescript@5.9.3: {}

  undici-types@7.16.0: {}

  zod@3.25.76: {}
